
Microsoft Visual Studio Solution File, Format Version 12.00
# Visual Studio Version 16
VisualStudioVersion = 16.0.29905.134
MinimumVisualStudioVersion = 10.0.40219.1
Project("{FAE04EC0-301F-11D3-BF4B-00C04F79EFBC}") = "WpfApp", "WpfApp\WpfApp.csproj", "{89A24269-185F-492E-968D-43ACEB1CAC72}"
EndProject
Global
	GlobalSection(SolutionConfigurationPlatforms) = preSolution
		Debug|Any CPU = Debug|Any CPU
		Release|Any CPU = Release|Any CPU
	EndGlobalSection
	GlobalSection(ProjectConfigurationPlatforms) = postSolution
		{89A24269-185F-492E-968D-43ACEB1CAC72}.Debug|Any CPU.ActiveCfg = Debug|Any CPU
		{89A24269-185F-492E-968D-43ACEB1CAC72}.Debug|Any CPU.Build.0 = Debug|Any CPU
		{89A24269-185F-492E-968D-43ACEB1CAC72}.Release|Any CPU.ActiveCfg = Release|Any CPU
		{89A24269-185F-492E-968D-43ACEB1CAC72}.Release|Any CPU.Build.0 = Release|Any CPU
	EndGlobalSection
	GlobalSection(SolutionProperties) = preSolution
		HideSolutionNode = FALSE
	EndGlobalSection
	GlobalSection(ExtensibilityGlobals) = postSolution
		SolutionGuid = {54B3A84E-58E6-4ACA-91A6-88C5F706B64F}
	EndGlobalSection
EndGlobal
